Microsoft Visual Studio Solution File, Format Version 11.00
# Visual Studio 2008

Project("{499215C8-6375-77F1-F7D3-545222752E66}") = "18-11 ScriptUpdateTest", "Assembly-CSharp.csproj", "{DA2EFD12-D5FC-FB0D-765F-ADEE70A84092}"
EndProject
Project("{499215C8-6375-77F1-F7D3-545222752E66}") = "18-11 ScriptUpdateTest", "Assembly-CSharp-Editor.csproj", "{C6C82F84-C4AB-6200-8D73-103537CB5715}"
EndProject
Project("{499215C8-6375-77F1-F7D3-545222752E66}") = "18-11 ScriptUpdateTest", "Assembly-UnityScript.unityproj", "{8BD8B2BA-E8D3-C5C2-D779-35A01A5D4C9A}"
EndProject
Global
	GlobalSection(SolutionConfigurationPlatforms) = preSolution
		Debug|Any CPU = Debug|Any CPU
		Release|Any CPU = Release|Any CPU
	EndGlobalSection
	GlobalSection(ProjectConfigurationPlatforms) = postSolution
		{DA2EFD12-D5FC-FB0D-765F-ADEE70A84092}.Debug|Any CPU.ActiveCfg = Debug|Any CPU
		{DA2EFD12-D5FC-FB0D-765F-ADEE70A84092}.Debug|Any CPU.Build.0 = Debug|Any CPU
		{DA2EFD12-D5FC-FB0D-765F-ADEE70A84092}.Release|Any CPU.ActiveCfg = Release|Any CPU
		{DA2EFD12-D5FC-FB0D-765F-ADEE70A84092}.Release|Any CPU.Build.0 = Release|Any CPU
		{C6C82F84-C4AB-6200-8D73-103537CB5715}.Debug|Any CPU.ActiveCfg = Debug|Any CPU
		{C6C82F84-C4AB-6200-8D73-103537CB5715}.Debug|Any CPU.Build.0 = Debug|Any CPU
		{C6C82F84-C4AB-6200-8D73-103537CB5715}.Release|Any CPU.ActiveCfg = Release|Any CPU
		{C6C82F84-C4AB-6200-8D73-103537CB5715}.Release|Any CPU.Build.0 = Release|Any CPU
		{8BD8B2BA-E8D3-C5C2-D779-35A01A5D4C9A}.Debug|Any CPU.ActiveCfg = Debug|Any CPU
		{8BD8B2BA-E8D3-C5C2-D779-35A01A5D4C9A}.Debug|Any CPU.Build.0 = Debug|Any CPU
		{8BD8B2BA-E8D3-C5C2-D779-35A01A5D4C9A}.Release|Any CPU.ActiveCfg = Release|Any CPU
		{8BD8B2BA-E8D3-C5C2-D779-35A01A5D4C9A}.Release|Any CPU.Build.0 = Release|Any CPU
	EndGlobalSection
	GlobalSection(SolutionProperties) = preSolution
		HideSolutionNode = FALSE
	EndGlobalSection
																																																																																																										GlobalSection(MonoDevelopProperties) = preSolution
		StartupItem = Assembly-CSharp.csproj
		Policies = $0
		$0.TextStylePolicy = $1
		$1.inheritsSet = null
		$1.scope = text/x-csharp
		$0.CSharpFormattingPolicy = $2
		$2.inheritsSet = Mono
		$2.inheritsScope = text/x-csharp
		$2.scope = text/x-csharp
		$0.TextStylePolicy = $3
		$3.FileWidth = 120
		$3.TabWidth = 4
		$3.IndentWidth = 4
		$3.EolMarker = Unix
		$3.inheritsSet = Mono
		$3.inheritsScope = text/plain
		$3.scope = text/plain
	EndGlobalSection

EndGlobal
