Microsoft Visual Studio Solution File, Format Version 11.00
# Visual Studio 2008

Project("{CC39CC27-8CEF-B001-FEB5-E477937C2F05}") = "4-11 ScriptUpdateTest", "Assembly-CSharp.csproj", "{9DBAF749-0D4E-010A-F988-5BAEE57B4DFC}"
EndProject
Project("{CC39CC27-8CEF-B001-FEB5-E477937C2F05}") = "4-11 ScriptUpdateTest", "Assembly-CSharp-Editor.csproj", "{94DB6D2C-2C5A-57A7-F117-8883ACB73CFF}"
EndProject
Project("{CC39CC27-8CEF-B001-FEB5-E477937C2F05}") = "4-11 ScriptUpdateTest", "Assembly-UnityScript.unityproj", "{23627452-2FEF-D390-D292-630CE263709B}"
EndProject
Global
	GlobalSection(SolutionConfigurationPlatforms) = preSolution
		Debug|Any CPU = Debug|Any CPU
		Release|Any CPU = Release|Any CPU
	EndGlobalSection
	GlobalSection(ProjectConfigurationPlatforms) = postSolution
		{9DBAF749-0D4E-010A-F988-5BAEE57B4DFC}.Debug|Any CPU.ActiveCfg = Debug|Any CPU
		{9DBAF749-0D4E-010A-F988-5BAEE57B4DFC}.Debug|Any CPU.Build.0 = Debug|Any CPU
		{9DBAF749-0D4E-010A-F988-5BAEE57B4DFC}.Release|Any CPU.ActiveCfg = Release|Any CPU
		{9DBAF749-0D4E-010A-F988-5BAEE57B4DFC}.Release|Any CPU.Build.0 = Release|Any CPU
		{94DB6D2C-2C5A-57A7-F117-8883ACB73CFF}.Debug|Any CPU.ActiveCfg = Debug|Any CPU
		{94DB6D2C-2C5A-57A7-F117-8883ACB73CFF}.Debug|Any CPU.Build.0 = Debug|Any CPU
		{94DB6D2C-2C5A-57A7-F117-8883ACB73CFF}.Release|Any CPU.ActiveCfg = Release|Any CPU
		{94DB6D2C-2C5A-57A7-F117-8883ACB73CFF}.Release|Any CPU.Build.0 = Release|Any CPU
		{23627452-2FEF-D390-D292-630CE263709B}.Debug|Any CPU.ActiveCfg = Debug|Any CPU
		{23627452-2FEF-D390-D292-630CE263709B}.Debug|Any CPU.Build.0 = Debug|Any CPU
		{23627452-2FEF-D390-D292-630CE263709B}.Release|Any CPU.ActiveCfg = Release|Any CPU
		{23627452-2FEF-D390-D292-630CE263709B}.Release|Any CPU.Build.0 = Release|Any CPU
	EndGlobalSection
	GlobalSection(SolutionProperties) = preSolution
		HideSolutionNode = FALSE
	EndGlobalSection
																																														GlobalSection(MonoDevelopProperties) = preSolution
		StartupItem = Assembly-CSharp.csproj
		Policies = $0
		$0.TextStylePolicy = $1
		$1.inheritsSet = null
		$1.scope = text/x-csharp
		$0.CSharpFormattingPolicy = $2
		$2.inheritsSet = Mono
		$2.inheritsScope = text/x-csharp
		$2.scope = text/x-csharp
		$0.TextStylePolicy = $3
		$3.FileWidth = 120
		$3.TabWidth = 4
		$3.IndentWidth = 4
		$3.EolMarker = Unix
		$3.inheritsSet = Mono
		$3.inheritsScope = text/plain
		$3.scope = text/plain
	EndGlobalSection

EndGlobal
